{
  "name": "wxRot",
  "version": "1.0.0",
  "lockfileVersion": 1,
  "requires": true,
  "dependencies": {
    "@types/jquery": {
      "version": "2.0.49",
      "resolved": "https://registry.npmjs.org/@types/jquery/-/jquery-2.0.49.tgz",
      "integrity": "sha512-/9xLnYmohN/vD2gDnLS4cym8TUmrJu7DvZa/LELKzZjdPsvWVJiedsdu2SXNtb/DA7FGimqL2g0IoyhbNKLl8g=="
    },
    "bootstrap": {
      "version": "https://registry.npmjs.org/bootstrap/-/bootstrap-3.3.6.tgz",
      "integrity": "sha1-jej3SdyKdD8qxbUQ2Yg3Hj2qZYk="
    },
    "datatables.net": {
      "version": "https://registry.npmjs.org/datatables.net/-/datatables.net-1.10.12.tgz",
      "integrity": "sha1-1m4Ul9OfVa1vHmwquzDOGSkOMPg=",
      "requires": {
        "jquery": "https://registry.npmjs.org/jquery/-/jquery-2.2.4.tgz"
      }
    },
    "datatables.net-bs": {
      "version": "https://registry.npmjs.org/datatables.net-bs/-/datatables.net-bs-1.10.12.tgz",
      "integrity": "sha1-UUgwwyXsQ0mtbApMZokUP8yTaXs=",
      "requires": {
        "datatables.net": "https://registry.npmjs.org/datatables.net/-/datatables.net-1.10.12.tgz",
        "jquery": "https://registry.npmjs.org/jquery/-/jquery-2.2.4.tgz"
      }
    },
    "devbridge-autocomplete": {
      "version": "1.4.7",
      "resolved": "https://registry.npmjs.org/devbridge-autocomplete/-/devbridge-autocomplete-1.4.7.tgz",
      "integrity": "sha512-WQLyxGs7Vs2gViKhoycEIeEk0q8HgLGBOkI0K/27JKcQaQKJUsbVKFgB+G/l97/qA8rveLATMWcQ7WBCX6rCTg==",
      "requires": {
        "@types/jquery": "2.0.49",
        "jquery": "https://registry.npmjs.org/jquery/-/jquery-2.2.4.tgz"
      }
    },
    "jquery": {
      "version": "https://registry.npmjs.org/jquery/-/jquery-2.2.4.tgz",
      "integrity": "sha1-LInWiJterFIqfuoywUUhVZxsvwI="
    }
  }
}
